// !$*UTF8*$!
{
	archiveVersion = 1;
	classes = {
	};
	objectVersion = 48;
	objects = {

/* Begin PBXBuildFile section */
		861AF67B2177CB6D00721762 /* AppDelegate.swift in Sources */ = {isa = PBXBuildFile; fileRef = 861AF67A2177CB6D00721762 /* AppDelegate.swift */; };
		861AF67D2177CB6D00721762 /* ViewController.swift in Sources */ = {isa = PBXBuildFile; fileRef = 861AF67C2177CB6D00721762 /* ViewController.swift */; };
		861AF6802177CB6D00721762 /* Main.storyboard in Resources */ = {isa = PBXBuildFile; fileRef = 861AF67E2177CB6D00721762 /* Main.storyboard */; };
		861AF6832177CB6D00721762 /* IOSfirebase.xcdatamodeld in Sources */ = {isa = PBXBuildFile; fileRef = 861AF6812177CB6D00721762 /* IOSfirebase.xcdatamodeld */; };
		861AF6852177CB6D00721762 /* Assets.xcassets in Resources */ = {isa = PBXBuildFile; fileRef = 861AF6842177CB6D00721762 /* Assets.xcassets */; };
		861AF6882177CB6D00721762 /* LaunchScreen.storyboard in Resources */ = {isa = PBXBuildFile; fileRef = 861AF6862177CB6D00721762 /* LaunchScreen.storyboard */; };
/* End PBXBuildFile section */

/* Begin PBXFileReference section */
		861AF6772177CB6D00721762 /* IOSfirebase.app */ = {isa = PBXFileReference; explicitFileType = wrapper.application; includeInIndex = 0; path = IOSfirebase.app; sourceTree = BUILT_PRODUCTS_DIR; };
		861AF67A2177CB6D00721762 /* AppDelegate.swift */ = {isa = PBXFileReference; lastKnownFileType = sourcecode.swift; path = AppDelegate.swift; sourceTree = "<group>"; };
		861AF67C2177CB6D00721762 /* ViewController.swift */ = {isa = PBXFileReference; lastKnownFileType = sourcecode.swift; path = ViewController.swift; sourceTree = "<group>"; };
		861AF67F2177CB6D00721762 /* Base */ = {isa = PBXFileReference; lastKnownFileType = file.storyboard; name = Base; path = Base.lproj/Main.storyboard; sourceTree = "<group>"; };
		861AF6822177CB6D00721762 /* IOSfirebase.xcdatamodel */ = {isa = PBXFileReference; lastKnownFileType = wrapper.xcdatamodel; path = IOSfirebase.xcdatamodel; sourceTree = "<group>"; };
		861AF6842177CB6D00721762 /* Assets.xcassets */ = {isa = PBXFileReference; lastKnownFileType = folder.assetcatalog; path = Assets.xcassets; sourceTree = "<group>"; };
		861AF6872177CB6D00721762 /* Base */ = {isa = PBXFileReference; lastKnownFileType = file.storyboard; name = Base; path = Base.lproj/LaunchScreen.storyboard; sourceTree = "<group>"; };
		861AF6892177CB6D00721762 /* Info.plist */ = {isa = PBXFileReference; lastKnownFileType = text.plist.xml; path = Info.plist; sourceTree = "<group>"; };
/* End PBXFileReference section */

/* Begin PBXFrameworksBuildPhase section */
		861AF6742177CB6C00721762 /* Frameworks */ = {
			isa = PBXFrameworksBuildPhase;
			buildActionMask = 2147483647;
			files = (
			);
			runOnlyForDeploymentPostprocessing = 0;
		};
/* End PBXFrameworksBuildPhase section */

/* Begin PBXGroup section */
		861AF66E2177CB6C00721762 = {
			isa = PBXGroup;
			children = (
				861AF6792177CB6D00721762 /* IOSfirebase */,
				861AF6782177CB6D00721762 /* Products */,
			);
			sourceTree = "<group>";
		};
		861AF6782177CB6D00721762 /* Products */ = {
			isa = PBXGroup;
			children = (
				861AF6772177CB6D00721762 /* IOSfirebase.app */,
			);
			name = Products;
			sourceTree = "<group>";
		};
		861AF6792177CB6D00721762 /* IOSfirebase */ = {
			isa = PBXGroup;
			children = (
				861AF67A2177CB6D00721762 /* AppDelegate.swift */,
				861AF67C2177CB6D00721762 /* ViewController.swift */,
				861AF67E2177CB6D00721762 /* Main.storyboard */,
				861AF6842177CB6D00721762 /* Assets.xcassets */,
				861AF6862177CB6D00721762 /* LaunchScreen.storyboard */,
				861AF6892177CB6D00721762 /* Info.plist */,
				861AF6812177CB6D00721762 /* IOSfirebase.xcdatamodeld */,
			);
			path = IOSfirebase;
			sourceTree = "<group>";
		};
/* End PBXGroup section */

/* Begin PBXNativeTarget section */
		861AF6762177CB6C00721762 /* IOSfirebase */ = {
			isa = PBXNativeTarget;
			buildConfigurationList = 861AF68C2177CB6D00721762 /* Build configuration list for PBXNativeTarget "IOSfirebase" */;
			buildPhases = (
				861AF6732177CB6C00721762 /* Sources */,
				861AF6742177CB6C00721762 /* Frameworks */,
				861AF6752177CB6C00721762 /* Resources */,
			);
			buildRules = (
			);
			dependencies = (
			);
			name = IOSfirebase;
			productName = IOSfirebase;
			productReference = 861AF6772177CB6D00721762 /* IOSfirebase.app */;
			productType = "com.apple.product-type.application";
		};
/* End PBXNativeTarget section */

/* Begin PBXProject section */
		861AF66F2177CB6C00721762 /* Project object */ = {
			isa = PBXProject;
			attributes = {
				LastSwiftUpdateCheck = 0920;
				LastUpgradeCheck = 0920;
				ORGANIZATIONNAME = Tecsup;
				TargetAttributes = {
					861AF6762177CB6C00721762 = {
						CreatedOnToolsVersion = 9.2;
						ProvisioningStyle = Automatic;
					};
				};
			};
			buildConfigurationList = 861AF6722177CB6C00721762 /* Build configuration list for PBXProject "IOSfirebase" */;
			compatibilityVersion = "Xcode 8.0";
			developmentRegion = en;
			hasScannedForEncodings = 0;
			knownRegions = (
				en,
				Base,
			);
			mainGroup = 861AF66E2177CB6C00721762;
			productRefGroup = 861AF6782177CB6D00721762 /* Products */;
			projectDirPath = "";
			projectRoot = "";
			targets = (
				861AF6762177CB6C00721762 /* IOSfirebase */,
			);
		};
/* End PBXProject section */

/* Begin PBXResourcesBuildPhase section */
		861AF6752177CB6C00721762 /* Resources */ = {
			isa = PBXResourcesBuildPhase;
			buildActionMask = 2147483647;
			files = (
				861AF6882177CB6D00721762 /* LaunchScreen.storyboard in Resources */,
				861AF6852177CB6D00721762 /* Assets.xcassets in Resources */,
				861AF6802177CB6D00721762 /* Main.storyboard in Resources */,
			);
			runOnlyForDeploymentPostprocessing = 0;
		};
/* End PBXResourcesBuildPhase section */

/* Begin PBXSourcesBuildPhase section */
		861AF6732177CB6C00721762 /* Sources */ = {
			isa = PBXSourcesBuildPhase;
			buildActionMask = 2147483647;
			files = (
				861AF6832177CB6D00721762 /* IOSfirebase.xcdatamodeld in Sources */,
				861AF67D2177CB6D00721762 /* ViewController.swift in Sources */,
				861AF67B2177CB6D00721762 /* AppDelegate.swift in Sources */,
			);
			runOnlyForDeploymentPostprocessing = 0;
		};
/* End PBXSourcesBuildPhase section */

/* Begin PBXVariantGroup section */
		861AF67E2177CB6D00721762 /* Main.storyboard */ = {
			isa = PBXVariantGroup;
			children = (
				861AF67F2177CB6D00721762 /* Base */,
			);
			name = Main.storyboard;
			sourceTree = "<group>";
		};
		861AF6862177CB6D00721762 /* LaunchScreen.storyboard */ = {
			isa = PBXVariantGroup;
			children = (
				861AF6872177CB6D00721762 /* Base */,
			);
			name = LaunchScreen.storyboard;
			sourceTree = "<group>";
		};
/* End PBXVariantGroup section */

/* Begin XCBuildConfiguration section */
		861AF68A2177CB6D00721762 /* Debug */ = {
			isa = XCBuildConfiguration;
			buildSettings = {
				ALWAYS_SEARCH_USER_PATHS = NO;
				CLANG_ANALYZER_NONNULL = YES;
				CLANG_ANALYZER_NUMBER_OBJECT_CONVERSION = YES_AGGRESSIVE;
				CLANG_CXX_LANGUAGE_STANDARD = "gnu++14";
				CLANG_CXX_LIBRARY = "libc++";
				CLANG_ENABLE_MODULES = YES;
				CLANG_ENABLE_OBJC_ARC = YES;
				CLANG_WARN_BLOCK_CAPTURE_AUTORELEASING = YES;
				CLANG_WARN_BOOL_CONVERSION = YES;
				CLANG_WARN_COMMA = YES;
				CLANG_WARN_CONSTANT_CONVERSION = YES;
				CLANG_WARN_DIRECT_OBJC_ISA_USAGE = YES_ERROR;
				CLANG_WARN_DOCUMENTATION_COMMENTS = YES;
				CLANG_WARN_EMPTY_BODY = YES;
				CLANG_WARN_ENUM_CONVERSION = YES;
				CLANG_WARN_INFINITE_RECURSION = YES;
				CLANG_WARN_INT_CONVERSION = YES;
				CLANG_WARN_NON_LITERAL_NULL_CONVERSION = YES;
				CLANG_WARN_OBJC_LITERAL_CONVERSION = YES;
				CLANG_WARN_OBJC_ROOT_CLASS = YES_ERROR;
				CLANG_WARN_RANGE_LOOP_ANALYSIS = YES;
				CLANG_WARN_STRICT_PROTOTYPES = YES;
				CLANG_WARN_SUSPICIOUS_MOVE = YES;
				CLANG_WARN_UNGUARDED_AVAILABILITY = YES_AGGRESSIVE;
				CLANG_WARN_UNREACHABLE_CODE = YES;
				CLANG_WARN__DUPLICATE_METHOD_MATCH = YES;
				CODE_SIGN_IDENTITY = "iPhone Developer";
				COPY_PHASE_STRIP = NO;
				DEBUG_INFORMATION_FORMAT = dwarf;
				ENABLE_STRICT_OBJC_MSGSEND = YES;
				ENABLE_TESTABILITY = YES;
				GCC_C_LANGUAGE_STANDARD = gnu11;
				GCC_DYNAMIC_NO_PIC = NO;
				GCC_NO_COMMON_BLOCKS = YES;
				GCC_OPTIMIZATION_LEVEL = 0;
				GCC_PREPROCESSOR_DEFINITIONS = (
					"DEBUG=1",
					"$(inherited)",
				);
				GCC_WARN_64_TO_32_BIT_CONVERSION = YES;
				GCC_WARN_ABOUT_RETURN_TYPE = YES_ERROR;
				GCC_WARN_UNDECLARED_SELECTOR = YES;
				GCC_WARN_UNINITIALIZED_AUTOS = YES_AGGRESSIVE;
				GCC_WARN_UNUSED_FUNCTION = YES;
				GCC_WARN_UNUSED_VARIABLE = YES;
				IPHONEOS_DEPLOYMENT_TARGET = 11.2;
				MTL_ENABLE_DEBUG_INFO = YES;
				ONLY_ACTIVE_ARCH = YES;
				SDKROOT = iphoneos;
				SWIFT_ACTIVE_COMPILATION_CONDITIONS = DEBUG;
				SWIFT_OPTIMIZATION_LEVEL = "-Onone";
			};
			name = Debug;
		};
		861AF68B2177CB6D00721762 /* Release */ = {
			isa = XCBuildConfiguration;
			buildSettings = {
				ALWAYS_SEARCH_USER_PATHS = NO;
				CLANG_ANALYZER_NONNULL = YES;
				CLANG_ANALYZER_NUMBER_OBJECT_CONVERSION = YES_AGGRESSIVE;
				CLANG_CXX_LANGUAGE_STANDARD = "gnu++14";
				CLANG_CXX_LIBRARY = "libc++";
				CLANG_ENABLE_MODULES = YES;
				CLANG_ENABLE_OBJC_ARC = YES;
				CLANG_WARN_BLOCK_CAPTURE_AUTORELEASING = YES;
				CLANG_WARN_BOOL_CONVERSION = YES;
				CLANG_WARN_COMMA = YES;
				CLANG_WARN_CONSTANT_CONVERSION = YES;
				CLANG_WARN_DIRECT_OBJC_ISA_USAGE = YES_ERROR;
				CLANG_WARN_DOCUMENTATION_COMMENTS = YES;
				CLANG_WARN_EMPTY_BODY = YES;
				CLANG_WARN_ENUM_CONVERSION = YES;
				CLANG_WARN_INFINITE_RECURSION = YES;
				CLANG_WARN_INT_CONVERSION = YES;
				CLANG_WARN_NON_LITERAL_NULL_CONVERSION = YES;
				CLANG_WARN_OBJC_LITERAL_CONVERSION = YES;
				CLANG_WARN_OBJC_ROOT_CLASS = YES_ERROR;
				CLANG_WARN_RANGE_LOOP_ANALYSIS = YES;
				CLANG_WARN_STRICT_PROTOTYPES = YES;
				CLANG_WARN_SUSPICIOUS_MOVE = YES;
				CLANG_WARN_UNGUARDED_AVAILABILITY = YES_AGGRESSIVE;
				CLANG_WARN_UNREACHABLE_CODE = YES;
				CLANG_WARN__DUPLICATE_METHOD_MATCH = YES;
				CODE_SIGN_IDENTITY = "iPhone Developer";
				COPY_PHASE_STRIP = NO;
				DEBUG_INFORMATION_FORMAT = "dwarf-with-dsym";
				ENABLE_NS_ASSERTIONS = NO;
				ENABLE_STRICT_OBJC_MSGSEND = YES;
				GCC_C_LANGUAGE_STANDARD = gnu11;
				GCC_NO_COMMON_BLOCKS = YES;
				GCC_WARN_64_TO_32_BIT_CONVERSION = YES;
				GCC_WARN_ABOUT_RETURN_TYPE = YES_ERROR;
				GCC_WARN_UNDECLARED_SELECTOR = YES;
				GCC_WARN_UNINITIALIZED_AUTOS = YES_AGGRESSIVE;
				GCC_WARN_UNUSED_FUNCTION = YES;
				GCC_WARN_UNUSED_VARIABLE = YES;
				IPHONEOS_DEPLOYMENT_TARGET = 11.2;
				MTL_ENABLE_DEBUG_INFO = NO;
				SDKROOT = iphoneos;
				SWIFT_OPTIMIZATION_LEVEL = "-Owholemodule";
				VALIDATE_PRODUCT = YES;
			};
			name = Release;
		};
		861AF68D2177CB6D00721762 /* Debug */ = {
			isa = XCBuildConfiguration;
			buildSettings = {
				ASSETCATALOG_COMPILER_APPICON_NAME = AppIcon;
				CODE_SIGN_STYLE = Automatic;
				DEVELOPMENT_TEAM = B887638J4N;
				INFOPLIST_FILE = IOSfirebase/Info.plist;
				LD_RUNPATH_SEARCH_PATHS = "$(inherited) @executable_path/Frameworks";
				PRODUCT_BUNDLE_IDENTIFIER = com.tecsup.IOSfirebase;
				PRODUCT_NAME = "$(TARGET_NAME)";
				SWIFT_VERSION = 4.0;
				TARGETED_DEVICE_FAMILY = "1,2";
			};
			name = Debug;
		};
		861AF68E2177CB6D00721762 /* Release */ = {
			isa = XCBuildConfiguration;
			buildSettings = {
				ASSETCATALOG_COMPILER_APPICON_NAME = AppIcon;
				CODE_SIGN_STYLE = Automatic;
				DEVELOPMENT_TEAM = B887638J4N;
				INFOPLIST_FILE = IOSfirebase/Info.plist;
				LD_RUNPATH_SEARCH_PATHS = "$(inherited) @executable_path/Frameworks";
				PRODUCT_BUNDLE_IDENTIFIER = com.tecsup.IOSfirebase;
				PRODUCT_NAME = "$(TARGET_NAME)";
				SWIFT_VERSION = 4.0;
				TARGETED_DEVICE_FAMILY = "1,2";
			};
			name = Release;
		};
/* End XCBuildConfiguration section */

/* Begin XCConfigurationList section */
		861AF6722177CB6C00721762 /* Build configuration list for PBXProject "IOSfirebase" */ = {
			isa = XCConfigurationList;
			buildConfigurations = (
				861AF68A2177CB6D00721762 /* Debug */,
				861AF68B2177CB6D00721762 /* Release */,
			);
			defaultConfigurationIsVisible = 0;
			defaultConfigurationName = Release;
		};
		861AF68C2177CB6D00721762 /* Build configuration list for PBXNativeTarget "IOSfirebase" */ = {
			isa = XCConfigurationList;
			buildConfigurations = (
				861AF68D2177CB6D00721762 /* Debug */,
				861AF68E2177CB6D00721762 /* Release */,
			);
			defaultConfigurationIsVisible = 0;
			defaultConfigurationName = Release;
		};
/* End XCConfigurationList section */

/* Begin XCVersionGroup section */
		861AF6812177CB6D00721762 /* IOSfirebase.xcdatamodeld */ = {
			isa = XCVersionGroup;
			children = (
				861AF6822177CB6D00721762 /* IOSfirebase.xcdatamodel */,
			);
			currentVersion = 861AF6822177CB6D00721762 /* IOSfirebase.xcdatamodel */;
			path = IOSfirebase.xcdatamodeld;
			sourceTree = "<group>";
			versionGroupType = wrapper.xcdatamodel;
		};
/* End XCVersionGroup section */
	};
	rootObject = 861AF66F2177CB6C00721762 /* Project object */;
}
